
Microsoft Visual Studio Solution File, Format Version 12.00
# Visual Studio Version 16
VisualStudioVersion = 16.0.31515.178
MinimumVisualStudioVersion = 10.0.40219.1
Project("{FAE04EC0-301F-11D3-BF4B-00C04F79EFBC}") = "lesson6 task 1", "lesson6\lesson6 task 1.csproj", "{E41AF965-005F-46FC-9CC5-DF59FD625019}"
EndProject
Project("{FAE04EC0-301F-11D3-BF4B-00C04F79EFBC}") = "task 2", "task 2\task 2.csproj", "{66D4916A-8E5C-4ED5-BF58-F48179E42689}"
EndProject
Project("{FAE04EC0-301F-11D3-BF4B-00C04F79EFBC}") = "task 3", "task 3\task 3.csproj", "{BE99B107-1658-4E6B-9A4A-0A7BF2BB965F}"
EndProject
Global
	GlobalSection(SolutionConfigurationPlatforms) = preSolution
		Debug|Any CPU = Debug|Any CPU
		Release|Any CPU = Release|Any CPU
	EndGlobalSection
	GlobalSection(ProjectConfigurationPlatforms) = postSolution
		{E41AF965-005F-46FC-9CC5-DF59FD625019}.Debug|Any CPU.ActiveCfg = Debug|Any CPU
		{E41AF965-005F-46FC-9CC5-DF59FD625019}.Debug|Any CPU.Build.0 = Debug|Any CPU
		{E41AF965-005F-46FC-9CC5-DF59FD625019}.Release|Any CPU.ActiveCfg = Release|Any CPU
		{E41AF965-005F-46FC-9CC5-DF59FD625019}.Release|Any CPU.Build.0 = Release|Any CPU
		{66D4916A-8E5C-4ED5-BF58-F48179E42689}.Debug|Any CPU.ActiveCfg = Debug|Any CPU
		{66D4916A-8E5C-4ED5-BF58-F48179E42689}.Debug|Any CPU.Build.0 = Debug|Any CPU
		{66D4916A-8E5C-4ED5-BF58-F48179E42689}.Release|Any CPU.ActiveCfg = Release|Any CPU
		{66D4916A-8E5C-4ED5-BF58-F48179E42689}.Release|Any CPU.Build.0 = Release|Any CPU
		{BE99B107-1658-4E6B-9A4A-0A7BF2BB965F}.Debug|Any CPU.ActiveCfg = Debug|Any CPU
		{BE99B107-1658-4E6B-9A4A-0A7BF2BB965F}.Debug|Any CPU.Build.0 = Debug|Any CPU
		{BE99B107-1658-4E6B-9A4A-0A7BF2BB965F}.Release|Any CPU.ActiveCfg = Release|Any CPU
		{BE99B107-1658-4E6B-9A4A-0A7BF2BB965F}.Release|Any CPU.Build.0 = Release|Any CPU
	EndGlobalSection
	GlobalSection(SolutionProperties) = preSolution
		HideSolutionNode = FALSE
	EndGlobalSection
	GlobalSection(ExtensibilityGlobals) = postSolution
		SolutionGuid = {D6CDD16E-5628-4636-9D5D-B643119D0CBB}
	EndGlobalSection
EndGlobal
